
Microsoft Visual Studio Solution File, Format Version 12.00
# Visual Studio Version 16
VisualStudioVersion = 16.0.31005.135
MinimumVisualStudioVersion = 10.0.40219.1
Project("{FAE04EC0-301F-11D3-BF4B-00C04F79EFBC}") = "FileExplorer.Changes", "FileExplorer.Changes\FileExplorer.Changes.csproj", "{DE1FB6A4-FB53-4022-8BAA-FA26196B49C4}"
EndProject
Global
	GlobalSection(SolutionConfigurationPlatforms) = preSolution
		Debug|Any CPU = Debug|Any CPU
		Release|Any CPU = Release|Any CPU
	EndGlobalSection
	GlobalSection(ProjectConfigurationPlatforms) = postSolution
		{DE1FB6A4-FB53-4022-8BAA-FA26196B49C4}.Debug|Any CPU.ActiveCfg = Debug|Any CPU
		{DE1FB6A4-FB53-4022-8BAA-FA26196B49C4}.Debug|Any CPU.Build.0 = Debug|Any CPU
		{DE1FB6A4-FB53-4022-8BAA-FA26196B49C4}.Release|Any CPU.ActiveCfg = Release|Any CPU
		{DE1FB6A4-FB53-4022-8BAA-FA26196B49C4}.Release|Any CPU.Build.0 = Release|Any CPU
	EndGlobalSection
	GlobalSection(SolutionProperties) = preSolution
		HideSolutionNode = FALSE
	EndGlobalSection
	GlobalSection(ExtensibilityGlobals) = postSolution
		SolutionGuid = {FBF0FB93-05FE-42B2-A7F8-2BB842800E2F}
	EndGlobalSection
EndGlobal
